// !$*UTF8*$!
{
	archiveVersion = 1;
	classes = {
	};
	objectVersion = 51;
	objects = {

/* Begin PBXBuildFile section */
		43C917F99A5443B96EE78A9A /* Pods_SwiftPracticeProject.framework in Frameworks */ = {isa = PBXBuildFile; fileRef = 5AEC446F24613EEF5F3289AF /* Pods_SwiftPracticeProject.framework */; };
		D2038BD62304F391004CF263 /* AppDelegate.swift in Sources */ = {isa = PBXBuildFile; fileRef = D2038BD52304F391004CF263 /* AppDelegate.swift */; };
		D2038BD82304F391004CF263 /* SceneDelegate.swift in Sources */ = {isa = PBXBuildFile; fileRef = D2038BD72304F391004CF263 /* SceneDelegate.swift */; };
		D2038BDA2304F391004CF263 /* ViewController.swift in Sources */ = {isa = PBXBuildFile; fileRef = D2038BD92304F391004CF263 /* ViewController.swift */; };
		D2038BDF2304F392004CF263 /* Assets.xcassets in Resources */ = {isa = PBXBuildFile; fileRef = D2038BDE2304F392004CF263 /* Assets.xcassets */; };
		D2038BED2304F392004CF263 /* SwiftPracticeProjectTests.swift in Sources */ = {isa = PBXBuildFile; fileRef = D2038BEC2304F392004CF263 /* SwiftPracticeProjectTests.swift */; };
		D2038BF82304F392004CF263 /* SwiftPracticeProjectUITests.swift in Sources */ = {isa = PBXBuildFile; fileRef = D2038BF72304F392004CF263 /* SwiftPracticeProjectUITests.swift */; };
		D2038C092304F62E004CF263 /* LDTabBarController.swift in Sources */ = {isa = PBXBuildFile; fileRef = D2038C082304F62E004CF263 /* LDTabBarController.swift */; };
		D2038C0F2304F671004CF263 /* LDBaseViewController.swift in Sources */ = {isa = PBXBuildFile; fileRef = D2038C0E2304F671004CF263 /* LDBaseViewController.swift */; };
		D2038C112304F68E004CF263 /* HomeViewController.swift in Sources */ = {isa = PBXBuildFile; fileRef = D2038C102304F68E004CF263 /* HomeViewController.swift */; };
		D2038C132304F698004CF263 /* VoiceViewController.swift in Sources */ = {isa = PBXBuildFile; fileRef = D2038C122304F698004CF263 /* VoiceViewController.swift */; };
		D2038C152304F69E004CF263 /* VideoViewController.swift in Sources */ = {isa = PBXBuildFile; fileRef = D2038C142304F69E004CF263 /* VideoViewController.swift */; };
		D2038C172304F6A6004CF263 /* MineViewController.swift in Sources */ = {isa = PBXBuildFile; fileRef = D2038C162304F6A6004CF263 /* MineViewController.swift */; };
		D2038C1A2304F71F004CF263 /* Main.storyboard in Resources */ = {isa = PBXBuildFile; fileRef = D2038C182304F71F004CF263 /* Main.storyboard */; };
		D2038C1B2304F71F004CF263 /* LaunchScreen.storyboard in Resources */ = {isa = PBXBuildFile; fileRef = D2038C192304F71F004CF263 /* LaunchScreen.storyboard */; };
		D2038C1F2304F777004CF263 /* LDNavigationViewController.swift in Sources */ = {isa = PBXBuildFile; fileRef = D2038C1E2304F777004CF263 /* LDNavigationViewController.swift */; };
		D2523010230B9769001F9AB6 /* KakaJson.swift in Sources */ = {isa = PBXBuildFile; fileRef = D252300F230B9769001F9AB6 /* KakaJson.swift */; };
		D2553318230D34BF002CF636 /* RankCell.swift in Sources */ = {isa = PBXBuildFile; fileRef = D2553317230D34BF002CF636 /* RankCell.swift */; };
		D2604EF0230654D700351C93 /* RecommendViewController.swift in Sources */ = {isa = PBXBuildFile; fileRef = D2604EEF230654D700351C93 /* RecommendViewController.swift */; };
		D2604EF2230654E200351C93 /* VIPViewController.swift in Sources */ = {isa = PBXBuildFile; fileRef = D2604EF1230654E200351C93 /* VIPViewController.swift */; };
		D2604EF42306554300351C93 /* SubscribeViewController.swift in Sources */ = {isa = PBXBuildFile; fileRef = D2604EF32306554300351C93 /* SubscribeViewController.swift */; };
		D2604EF62306555300351C93 /* RankViewController.swift in Sources */ = {isa = PBXBuildFile; fileRef = D2604EF52306555300351C93 /* RankViewController.swift */; };
		D279A15523055D4A0004192A /* LDPageViewController.swift in Sources */ = {isa = PBXBuildFile; fileRef = D279A15423055D4A0004192A /* LDPageViewController.swift */; };
		D28732B7230A33E600397CA4 /* LDBaseTableViewCell.swift in Sources */ = {isa = PBXBuildFile; fileRef = D28732B6230A33E600397CA4 /* LDBaseTableViewCell.swift */; };
		D28732BB230A343300397CA4 /* LDBaseCollectionViewCell.swift in Sources */ = {isa = PBXBuildFile; fileRef = D28732BA230A343300397CA4 /* LDBaseCollectionViewCell.swift */; };
		D28732BF230A34AC00397CA4 /* RecommendCell.swift in Sources */ = {isa = PBXBuildFile; fileRef = D28732BE230A34AC00397CA4 /* RecommendCell.swift */; };
		D28732C3230A821300397CA4 /* LDBaseCollectionReusableView.swift in Sources */ = {isa = PBXBuildFile; fileRef = D28732C2230A821300397CA4 /* LDBaseCollectionReusableView.swift */; };
		D28732C5230A829000397CA4 /* RecommendHeader.swift in Sources */ = {isa = PBXBuildFile; fileRef = D28732C4230A829000397CA4 /* RecommendHeader.swift */; };
		D28732C7230A888800397CA4 /* RecommendFooter.swift in Sources */ = {isa = PBXBuildFile; fileRef = D28732C6230A888800397CA4 /* RecommendFooter.swift */; };
		D2889AC823050E41006C7B0E /* LDTabBar.swift in Sources */ = {isa = PBXBuildFile; fileRef = D2889AC723050E41006C7B0E /* LDTabBar.swift */; };
		D2889ACF23052151006C7B0E /* UIColorExtension.swift in Sources */ = {isa = PBXBuildFile; fileRef = D2889ACE23052151006C7B0E /* UIColorExtension.swift */; };
		D2889AD3230521A1006C7B0E /* UIBarButtonItemExtension.swift in Sources */ = {isa = PBXBuildFile; fileRef = D2889AD2230521A1006C7B0E /* UIBarButtonItemExtension.swift */; };
		D28B861923066900005299D9 /* LDApi.swift in Sources */ = {isa = PBXBuildFile; fileRef = D28B861823066900005299D9 /* LDApi.swift */; };
		D2F422EB230692AC00DFC244 /* LDModel.swift in Sources */ = {isa = PBXBuildFile; fileRef = D2F422EA230692AC00DFC244 /* LDModel.swift */; };
		D2F422EE230697DA00DFC244 /* LDOCFile.m in Sources */ = {isa = PBXBuildFile; fileRef = D2F422ED230697DA00DFC244 /* LDOCFile.m */; };
		D2F422F023069AED00DFC244 /* LDGlobal.swift in Sources */ = {isa = PBXBuildFile; fileRef = D2F422EF23069AED00DFC244 /* LDGlobal.swift */; };
		D2F422F42306A1F800DFC244 /* LDRefresh.swift in Sources */ = {isa = PBXBuildFile; fileRef = D2F422F32306A1F800DFC244 /* LDRefresh.swift */; };
		D5BC557B1464E38258EC6809 /* Pods_SwiftPracticeProjectTests.framework in Frameworks */ = {isa = PBXBuildFile; fileRef = 6B8723BB38403252036805B7 /* Pods_SwiftPracticeProjectTests.framework */; };
		E6CD31584458759FCCA050A0 /* Pods_SwiftPracticeProjectUITests.framework in Frameworks */ = {isa = PBXBuildFile; fileRef = 2828B6065899C4F9E4F370FC /* Pods_SwiftPracticeProjectUITests.framework */; };
/* End PBXBuildFile section */

/* Begin PBXContainerItemProxy section */
		D2038BE92304F392004CF263 /* PBXContainerItemProxy */ = {
			isa = PBXContainerItemProxy;
			containerPortal = D2038BCA2304F391004CF263 /* Project object */;
			proxyType = 1;
			remoteGlobalIDString = D2038BD12304F391004CF263;
			remoteInfo = SwiftPracticeProject;
		};
		D2038BF42304F392004CF263 /* PBXContainerItemProxy */ = {
			isa = PBXContainerItemProxy;
			containerPortal = D2038BCA2304F391004CF263 /* Project object */;
			proxyType = 1;
			remoteGlobalIDString = D2038BD12304F391004CF263;
			remoteInfo = SwiftPracticeProject;
		};
/* End PBXContainerItemProxy section */

/* Begin PBXFileReference section */
		17978E406265721F15E7F092 /* Pods-SwiftPracticeProject.release.xcconfig */ = {isa = PBXFileReference; includeInIndex = 1; lastKnownFileType = text.xcconfig; name = "Pods-SwiftPracticeProject.release.xcconfig"; path = "Target Support Files/Pods-SwiftPracticeProject/Pods-SwiftPracticeProject.release.xcconfig"; sourceTree = "<group>"; };
		2828B6065899C4F9E4F370FC /* Pods_SwiftPracticeProjectUITests.framework */ = {isa = PBXFileReference; explicitFileType = wrapper.framework; includeInIndex = 0; path = Pods_SwiftPracticeProjectUITests.framework; sourceTree = BUILT_PRODUCTS_DIR; };
		319BE6B9234AC238E513BB20 /* Pods-SwiftPracticeProjectUITests.release.xcconfig */ = {isa = PBXFileReference; includeInIndex = 1; lastKnownFileType = text.xcconfig; name = "Pods-SwiftPracticeProjectUITests.release.xcconfig"; path = "Target Support Files/Pods-SwiftPracticeProjectUITests/Pods-SwiftPracticeProjectUITests.release.xcconfig"; sourceTree = "<group>"; };
		5AEC446F24613EEF5F3289AF /* Pods_SwiftPracticeProject.framework */ = {isa = PBXFileReference; explicitFileType = wrapper.framework; includeInIndex = 0; path = Pods_SwiftPracticeProject.framework; sourceTree = BUILT_PRODUCTS_DIR; };
		6B8723BB38403252036805B7 /* Pods_SwiftPracticeProjectTests.framework */ = {isa = PBXFileReference; explicitFileType = wrapper.framework; includeInIndex = 0; path = Pods_SwiftPracticeProjectTests.framework; sourceTree = BUILT_PRODUCTS_DIR; };
		76639A57FDD9AD9DAE16F8AC /* Pods-SwiftPracticeProjectTests.debug.xcconfig */ = {isa = PBXFileReference; includeInIndex = 1; lastKnownFileType = text.xcconfig; name = "Pods-SwiftPracticeProjectTests.debug.xcconfig"; path = "Target Support Files/Pods-SwiftPracticeProjectTests/Pods-SwiftPracticeProjectTests.debug.xcconfig"; sourceTree = "<group>"; };
		7FAAB74CAB874B0D06CAFDCB /* Pods-SwiftPracticeProjectUITests.debug.xcconfig */ = {isa = PBXFileReference; includeInIndex = 1; lastKnownFileType = text.xcconfig; name = "Pods-SwiftPracticeProjectUITests.debug.xcconfig"; path = "Target Support Files/Pods-SwiftPracticeProjectUITests/Pods-SwiftPracticeProjectUITests.debug.xcconfig"; sourceTree = "<group>"; };
		88731FCD5EBCBDE61C225D80 /* Pods-SwiftPracticeProjectTests.release.xcconfig */ = {isa = PBXFileReference; includeInIndex = 1; lastKnownFileType = text.xcconfig; name = "Pods-SwiftPracticeProjectTests.release.xcconfig"; path = "Target Support Files/Pods-SwiftPracticeProjectTests/Pods-SwiftPracticeProjectTests.release.xcconfig"; sourceTree = "<group>"; };
		C5EB50DB58659A68F0C67700 /* Pods-SwiftPracticeProject.debug.xcconfig */ = {isa = PBXFileReference; includeInIndex = 1; lastKnownFileType = text.xcconfig; name = "Pods-SwiftPracticeProject.debug.xcconfig"; path = "Target Support Files/Pods-SwiftPracticeProject/Pods-SwiftPracticeProject.debug.xcconfig"; sourceTree = "<group>"; };
		D2038BD22304F391004CF263 /* SwiftPracticeProject.app */ = {isa = PBXFileReference; explicitFileType = wrapper.application; includeInIndex = 0; path = SwiftPracticeProject.app; sourceTree = BUILT_PRODUCTS_DIR; };
		D2038BD52304F391004CF263 /* AppDelegate.swift */ = {isa = PBXFileReference; lastKnownFileType = sourcecode.swift; name = AppDelegate.swift; path = ../AppDelegate.swift; sourceTree = "<group>"; };
		D2038BD72304F391004CF263 /* SceneDelegate.swift */ = {isa = PBXFileReference; lastKnownFileType = sourcecode.swift; name = SceneDelegate.swift; path = ../SceneDelegate.swift; sourceTree = "<group>"; };
		D2038BD92304F391004CF263 /* ViewController.swift */ = {isa = PBXFileReference; lastKnownFileType = sourcecode.swift; path = ViewController.swift; sourceTree = "<group>"; };
		D2038BDE2304F392004CF263 /* Assets.xcassets */ = {isa = PBXFileReference; lastKnownFileType = folder.assetcatalog; path = Assets.xcassets; sourceTree = "<group>"; };
		D2038BE32304F392004CF263 /* Info.plist */ = {isa = PBXFileReference; lastKnownFileType = text.plist.xml; path = Info.plist; sourceTree = "<group>"; };
		D2038BE82304F392004CF263 /* SwiftPracticeProjectTests.xctest */ = {isa = PBXFileReference; explicitFileType = wrapper.cfbundle; includeInIndex = 0; path = SwiftPracticeProjectTests.xctest; sourceTree = BUILT_PRODUCTS_DIR; };
		D2038BEC2304F392004CF263 /* SwiftPracticeProjectTests.swift */ = {isa = PBXFileReference; lastKnownFileType = sourcecode.swift; path = SwiftPracticeProjectTests.swift; sourceTree = "<group>"; };
		D2038BEE2304F392004CF263 /* Info.plist */ = {isa = PBXFileReference; lastKnownFileType = text.plist.xml; path = Info.plist; sourceTree = "<group>"; };
		D2038BF32304F392004CF263 /* SwiftPracticeProjectUITests.xctest */ = {isa = PBXFileReference; explicitFileType = wrapper.cfbundle; includeInIndex = 0; path = SwiftPracticeProjectUITests.xctest; sourceTree = BUILT_PRODUCTS_DIR; };
		D2038BF72304F392004CF263 /* SwiftPracticeProjectUITests.swift */ = {isa = PBXFileReference; lastKnownFileType = sourcecode.swift; path = SwiftPracticeProjectUITests.swift; sourceTree = "<group>"; };
		D2038BF92304F392004CF263 /* Info.plist */ = {isa = PBXFileReference; lastKnownFileType = text.plist.xml; path = Info.plist; sourceTree = "<group>"; };
		D2038C082304F62E004CF263 /* LDTabBarController.swift */ = {isa = PBXFileReference; lastKnownFileType = sourcecode.swift; path = LDTabBarController.swift; sourceTree = "<group>"; };
		D2038C0E2304F671004CF263 /* LDBaseViewController.swift */ = {isa = PBXFileReference; lastKnownFileType = sourcecode.swift; path = LDBaseViewController.swift; sourceTree = "<group>"; };
		D2038C102304F68E004CF263 /* HomeViewController.swift */ = {isa = PBXFileReference; lastKnownFileType = sourcecode.swift; path = HomeViewController.swift; sourceTree = "<group>"; };
		D2038C122304F698004CF263 /* VoiceViewController.swift */ = {isa = PBXFileReference; lastKnownFileType = sourcecode.swift; path = VoiceViewController.swift; sourceTree = "<group>"; };
		D2038C142304F69E004CF263 /* VideoViewController.swift */ = {isa = PBXFileReference; lastKnownFileType = sourcecode.swift; path = VideoViewController.swift; sourceTree = "<group>"; };
		D2038C162304F6A6004CF263 /* MineViewController.swift */ = {isa = PBXFileReference; lastKnownFileType = sourcecode.swift; path = MineViewController.swift; sourceTree = "<group>"; };
		D2038C182304F71F004CF263 /* Main.storyboard */ = {isa = PBXFileReference; fileEncoding = 4; lastKnownFileType = file.storyboard; path = Main.storyboard; sourceTree = "<group>"; };
		D2038C192304F71F004CF263 /* LaunchScreen.storyboard */ = {isa = PBXFileReference; fileEncoding = 4; lastKnownFileType = file.storyboard; path = LaunchScreen.storyboard; sourceTree = "<group>"; };
		D2038C1E2304F777004CF263 /* LDNavigationViewController.swift */ = {isa = PBXFileReference; lastKnownFileType = sourcecode.swift; path = LDNavigationViewController.swift; sourceTree = "<group>"; };
		D224CDF32305491B008411A8 /* SwiftPracticeProject-Bridging-Header.h */ = {isa = PBXFileReference; lastKnownFileType = sourcecode.c.h; path = "SwiftPracticeProject-Bridging-Header.h"; sourceTree = "<group>"; };
		D252300F230B9769001F9AB6 /* KakaJson.swift */ = {isa = PBXFileReference; lastKnownFileType = sourcecode.swift; path = KakaJson.swift; sourceTree = "<group>"; };
		D2553317230D34BF002CF636 /* RankCell.swift */ = {isa = PBXFileReference; lastKnownFileType = sourcecode.swift; path = RankCell.swift; sourceTree = "<group>"; };
		D2604EEF230654D700351C93 /* RecommendViewController.swift */ = {isa = PBXFileReference; lastKnownFileType = sourcecode.swift; path = RecommendViewController.swift; sourceTree = "<group>"; };
		D2604EF1230654E200351C93 /* VIPViewController.swift */ = {isa = PBXFileReference; lastKnownFileType = sourcecode.swift; path = VIPViewController.swift; sourceTree = "<group>"; };
		D2604EF32306554300351C93 /* SubscribeViewController.swift */ = {isa = PBXFileReference; lastKnownFileType = sourcecode.swift; path = SubscribeViewController.swift; sourceTree = "<group>"; };
		D2604EF52306555300351C93 /* RankViewController.swift */ = {isa = PBXFileReference; lastKnownFileType = sourcecode.swift; path = RankViewController.swift; sourceTree = "<group>"; };
		D279A15423055D4A0004192A /* LDPageViewController.swift */ = {isa = PBXFileReference; lastKnownFileType = sourcecode.swift; path = LDPageViewController.swift; sourceTree = "<group>"; };
		D28732B6230A33E600397CA4 /* LDBaseTableViewCell.swift */ = {isa = PBXFileReference; lastKnownFileType = sourcecode.swift; path = LDBaseTableViewCell.swift; sourceTree = "<group>"; };
		D28732BA230A343300397CA4 /* LDBaseCollectionViewCell.swift */ = {isa = PBXFileReference; lastKnownFileType = sourcecode.swift; path = LDBaseCollectionViewCell.swift; sourceTree = "<group>"; };
		D28732BE230A34AC00397CA4 /* RecommendCell.swift */ = {isa = PBXFileReference; lastKnownFileType = sourcecode.swift; path = RecommendCell.swift; sourceTree = "<group>"; };
		D28732C2230A821300397CA4 /* LDBaseCollectionReusableView.swift */ = {isa = PBXFileReference; lastKnownFileType = sourcecode.swift; path = LDBaseCollectionReusableView.swift; sourceTree = "<group>"; };
		D28732C4230A829000397CA4 /* RecommendHeader.swift */ = {isa = PBXFileReference; lastKnownFileType = sourcecode.swift; path = RecommendHeader.swift; sourceTree = "<group>"; };
		D28732C6230A888800397CA4 /* RecommendFooter.swift */ = {isa = PBXFileReference; lastKnownFileType = sourcecode.swift; path = RecommendFooter.swift; sourceTree = "<group>"; };
		D2889AC723050E41006C7B0E /* LDTabBar.swift */ = {isa = PBXFileReference; lastKnownFileType = sourcecode.swift; path = LDTabBar.swift; sourceTree = "<group>"; };
		D2889ACE23052151006C7B0E /* UIColorExtension.swift */ = {isa = PBXFileReference; lastKnownFileType = sourcecode.swift; path = UIColorExtension.swift; sourceTree = "<group>"; };
		D2889AD2230521A1006C7B0E /* UIBarButtonItemExtension.swift */ = {isa = PBXFileReference; lastKnownFileType = sourcecode.swift; path = UIBarButtonItemExtension.swift; sourceTree = "<group>"; };
		D28B861823066900005299D9 /* LDApi.swift */ = {isa = PBXFileReference; lastKnownFileType = sourcecode.swift; path = LDApi.swift; sourceTree = "<group>"; };
		D2F422EA230692AC00DFC244 /* LDModel.swift */ = {isa = PBXFileReference; lastKnownFileType = sourcecode.swift; path = LDModel.swift; sourceTree = "<group>"; };
		D2F422EC230697DA00DFC244 /* LDOCFile.h */ = {isa = PBXFileReference; lastKnownFileType = sourcecode.c.h; path = LDOCFile.h; sourceTree = "<group>"; };
		D2F422ED230697DA00DFC244 /* LDOCFile.m */ = {isa = PBXFileReference; lastKnownFileType = sourcecode.c.objc; path = LDOCFile.m; sourceTree = "<group>"; };
		D2F422EF23069AED00DFC244 /* LDGlobal.swift */ = {isa = PBXFileReference; lastKnownFileType = sourcecode.swift; path = LDGlobal.swift; sourceTree = "<group>"; };
		D2F422F32306A1F800DFC244 /* LDRefresh.swift */ = {isa = PBXFileReference; lastKnownFileType = sourcecode.swift; path = LDRefresh.swift; sourceTree = "<group>"; };
/* End PBXFileReference section */

/* Begin PBXFrameworksBuildPhase section */
		D2038BCF2304F391004CF263 /* Frameworks */ = {
			isa = PBXFrameworksBuildPhase;
			buildActionMask = 2147483647;
			files = (
				43C917F99A5443B96EE78A9A /* Pods_SwiftPracticeProject.framework in Frameworks */,
			);
			runOnlyForDeploymentPostprocessing = 0;
		};
		D2038BE52304F392004CF263 /* Frameworks */ = {
			isa = PBXFrameworksBuildPhase;
			buildActionMask = 2147483647;
			files = (
				D5BC557B1464E38258EC6809 /* Pods_SwiftPracticeProjectTests.framework in Frameworks */,
			);
			runOnlyForDeploymentPostprocessing = 0;
		};
		D2038BF02304F392004CF263 /* Frameworks */ = {
			isa = PBXFrameworksBuildPhase;
			buildActionMask = 2147483647;
			files = (
				E6CD31584458759FCCA050A0 /* Pods_SwiftPracticeProjectUITests.framework in Frameworks */,
			);
			runOnlyForDeploymentPostprocessing = 0;
		};
/* End PBXFrameworksBuildPhase section */

/* Begin PBXGroup section */
		6F5FCD2B39D279C335F9D572 /* Pods */ = {
			isa = PBXGroup;
			children = (
				C5EB50DB58659A68F0C67700 /* Pods-SwiftPracticeProject.debug.xcconfig */,
				17978E406265721F15E7F092 /* Pods-SwiftPracticeProject.release.xcconfig */,
				76639A57FDD9AD9DAE16F8AC /* Pods-SwiftPracticeProjectTests.debug.xcconfig */,
				88731FCD5EBCBDE61C225D80 /* Pods-SwiftPracticeProjectTests.release.xcconfig */,
				7FAAB74CAB874B0D06CAFDCB /* Pods-SwiftPracticeProjectUITests.debug.xcconfig */,
				319BE6B9234AC238E513BB20 /* Pods-SwiftPracticeProjectUITests.release.xcconfig */,
			);
			path = Pods;
			sourceTree = "<group>";
		};
		CA7D26487B14E6773A4DCAA9 /* Frameworks */ = {
			isa = PBXGroup;
			children = (
				5AEC446F24613EEF5F3289AF /* Pods_SwiftPracticeProject.framework */,
				6B8723BB38403252036805B7 /* Pods_SwiftPracticeProjectTests.framework */,
				2828B6065899C4F9E4F370FC /* Pods_SwiftPracticeProjectUITests.framework */,
			);
			name = Frameworks;
			sourceTree = "<group>";
		};
		D2038BC92304F391004CF263 = {
			isa = PBXGroup;
			children = (
				D2038BD42304F391004CF263 /* SwiftPracticeProject */,
				D2038BEB2304F392004CF263 /* SwiftPracticeProjectTests */,
				D2038BF62304F392004CF263 /* SwiftPracticeProjectUITests */,
				D2038BD32304F391004CF263 /* Products */,
				6F5FCD2B39D279C335F9D572 /* Pods */,
				CA7D26487B14E6773A4DCAA9 /* Frameworks */,
			);
			sourceTree = "<group>";
		};
		D2038BD32304F391004CF263 /* Products */ = {
			isa = PBXGroup;
			children = (
				D2038BD22304F391004CF263 /* SwiftPracticeProject.app */,
				D2038BE82304F392004CF263 /* SwiftPracticeProjectTests.xctest */,
				D2038BF32304F392004CF263 /* SwiftPracticeProjectUITests.xctest */,
			);
			name = Products;
			sourceTree = "<group>";
		};
		D2038BD42304F391004CF263 /* SwiftPracticeProject */ = {
			isa = PBXGroup;
			children = (
				D252300E230B9758001F9AB6 /* Test */,
				D2F422EC230697DA00DFC244 /* LDOCFile.h */,
				D2F422ED230697DA00DFC244 /* LDOCFile.m */,
				D2038BD92304F391004CF263 /* ViewController.swift */,
				D2038BE32304F392004CF263 /* Info.plist */,
				D2038BDE2304F392004CF263 /* Assets.xcassets */,
				D28B861823066900005299D9 /* LDApi.swift */,
				D2F422EF23069AED00DFC244 /* LDGlobal.swift */,
				D2F422EA230692AC00DFC244 /* LDModel.swift */,
				D2F422F12306A1E000DFC244 /* Component */,
				D2038C0A2304F63F004CF263 /* Home */,
				D2038C0D2304F659004CF263 /* Mine */,
				D2038C0C2304F652004CF263 /* Video */,
				D2038C0B2304F648004CF263 /* Voice */,
				D2889AC923051B90006C7B0E /* Extension */,
				D2038C072304F3D1004CF263 /* BaseFile */,
				D2038C062304F3C3004CF263 /* MainFile */,
				D2038C052304F3B1004CF263 /* SourceFile */,
			);
			path = SwiftPracticeProject;
			sourceTree = "<group>";
		};
		D2038BEB2304F392004CF263 /* SwiftPracticeProjectTests */ = {
			isa = PBXGroup;
			children = (
				D2038BEC2304F392004CF263 /* SwiftPracticeProjectTests.swift */,
				D2038BEE2304F392004CF263 /* Info.plist */,
			);
			path = SwiftPracticeProjectTests;
			sourceTree = "<group>";
		};
		D2038BF62304F392004CF263 /* SwiftPracticeProjectUITests */ = {
			isa = PBXGroup;
			children = (
				D2038BF72304F392004CF263 /* SwiftPracticeProjectUITests.swift */,
				D2038BF92304F392004CF263 /* Info.plist */,
			);
			path = SwiftPracticeProjectUITests;
			sourceTree = "<group>";
		};
		D2038C052304F3B1004CF263 /* SourceFile */ = {
			isa = PBXGroup;
			children = (
				D224CDF32305491B008411A8 /* SwiftPracticeProject-Bridging-Header.h */,
				D2038C192304F71F004CF263 /* LaunchScreen.storyboard */,
				D2038C182304F71F004CF263 /* Main.storyboard */,
			);
			path = SourceFile;
			sourceTree = "<group>";
		};
		D2038C062304F3C3004CF263 /* MainFile */ = {
			isa = PBXGroup;
			children = (
				D2038BD52304F391004CF263 /* AppDelegate.swift */,
				D2038BD72304F391004CF263 /* SceneDelegate.swift */,
				D2038C082304F62E004CF263 /* LDTabBarController.swift */,
				D2038C1E2304F777004CF263 /* LDNavigationViewController.swift */,
				D2889AC723050E41006C7B0E /* LDTabBar.swift */,
			);
			path = MainFile;
			sourceTree = "<group>";
		};
		D2038C072304F3D1004CF263 /* BaseFile */ = {
			isa = PBXGroup;
			children = (
				D28732B6230A33E600397CA4 /* LDBaseTableViewCell.swift */,
				D2038C0E2304F671004CF263 /* LDBaseViewController.swift */,
				D279A15423055D4A0004192A /* LDPageViewController.swift */,
				D28732BA230A343300397CA4 /* LDBaseCollectionViewCell.swift */,
				D28732C2230A821300397CA4 /* LDBaseCollectionReusableView.swift */,
			);
			path = BaseFile;
			sourceTree = "<group>";
		};
		D2038C0A2304F63F004CF263 /* Home */ = {
			isa = PBXGroup;
			children = (
				D2F422E82306906100DFC244 /* V */,
				D2F422E92306906800DFC244 /* C */,
			);
			path = Home;
			sourceTree = "<group>";
		};
		D2038C0B2304F648004CF263 /* Voice */ = {
			isa = PBXGroup;
			children = (
				D2038C122304F698004CF263 /* VoiceViewController.swift */,
			);
			path = Voice;
			sourceTree = "<group>";
		};
		D2038C0C2304F652004CF263 /* Video */ = {
			isa = PBXGroup;
			children = (
				D2038C142304F69E004CF263 /* VideoViewController.swift */,
			);
			path = Video;
			sourceTree = "<group>";
		};
		D2038C0D2304F659004CF263 /* Mine */ = {
			isa = PBXGroup;
			children = (
				D2038C162304F6A6004CF263 /* MineViewController.swift */,
			);
			path = Mine;
			sourceTree = "<group>";
		};
		D252300E230B9758001F9AB6 /* Test */ = {
			isa = PBXGroup;
			children = (
				D252300F230B9769001F9AB6 /* KakaJson.swift */,
			);
			path = Test;
			sourceTree = "<group>";
		};
		D2889AC923051B90006C7B0E /* Extension */ = {
			isa = PBXGroup;
			children = (
				D2889ACE23052151006C7B0E /* UIColorExtension.swift */,
				D2889AD2230521A1006C7B0E /* UIBarButtonItemExtension.swift */,
			);
			path = Extension;
			sourceTree = "<group>";
		};
		D2F422E82306906100DFC244 /* V */ = {
			isa = PBXGroup;
			children = (
				D28732BE230A34AC00397CA4 /* RecommendCell.swift */,
				D28732C4230A829000397CA4 /* RecommendHeader.swift */,
				D28732C6230A888800397CA4 /* RecommendFooter.swift */,
				D2553317230D34BF002CF636 /* RankCell.swift */,
			);
			path = V;
			sourceTree = "<group>";
		};
		D2F422E92306906800DFC244 /* C */ = {
			isa = PBXGroup;
			children = (
				D2038C102304F68E004CF263 /* HomeViewController.swift */,
				D2604EEF230654D700351C93 /* RecommendViewController.swift */,
				D2604EF1230654E200351C93 /* VIPViewController.swift */,
				D2604EF32306554300351C93 /* SubscribeViewController.swift */,
				D2604EF52306555300351C93 /* RankViewController.swift */,
			);
			path = C;
			sourceTree = "<group>";
		};
		D2F422F12306A1E000DFC244 /* Component */ = {
			isa = PBXGroup;
			children = (
				D2F422F22306A1ED00DFC244 /* Refresh */,
			);
			path = Component;
			sourceTree = "<group>";
		};
		D2F422F22306A1ED00DFC244 /* Refresh */ = {
			isa = PBXGroup;
			children = (
				D2F422F32306A1F800DFC244 /* LDRefresh.swift */,
			);
			path = Refresh;
			sourceTree = "<group>";
		};
/* End PBXGroup section */

/* Begin PBXNativeTarget section */
		D2038BD12304F391004CF263 /* SwiftPracticeProject */ = {
			isa = PBXNativeTarget;
			buildConfigurationList = D2038BFC2304F392004CF263 /* Build configuration list for PBXNativeTarget "SwiftPracticeProject" */;
			buildPhases = (
				C33CA4F35AFDFE93E314A013 /* [CP] Check Pods Manifest.lock */,
				D2038BCE2304F391004CF263 /* Sources */,
				D2038BCF2304F391004CF263 /* Frameworks */,
				D2038BD02304F391004CF263 /* Resources */,
				AA1223616E27BD3D5D2D2D58 /* [CP] Embed Pods Frameworks */,
			);
			buildRules = (
			);
			dependencies = (
			);
			name = SwiftPracticeProject;
			productName = SwiftPracticeProject;
			productReference = D2038BD22304F391004CF263 /* SwiftPracticeProject.app */;
			productType = "com.apple.product-type.application";
		};
		D2038BE72304F392004CF263 /* SwiftPracticeProjectTests */ = {
			isa = PBXNativeTarget;
			buildConfigurationList = D2038BFF2304F392004CF263 /* Build configuration list for PBXNativeTarget "SwiftPracticeProjectTests" */;
			buildPhases = (
				B3CA6D353620BFD054B4F127 /* [CP] Check Pods Manifest.lock */,
				D2038BE42304F392004CF263 /* Sources */,
				D2038BE52304F392004CF263 /* Frameworks */,
				D2038BE62304F392004CF263 /* Resources */,
			);
			buildRules = (
			);
			dependencies = (
				D2038BEA2304F392004CF263 /* PBXTargetDependency */,
			);
			name = SwiftPracticeProjectTests;
			productName = SwiftPracticeProjectTests;
			productReference = D2038BE82304F392004CF263 /* SwiftPracticeProjectTests.xctest */;
			productType = "com.apple.product-type.bundle.unit-test";
		};
		D2038BF22304F392004CF263 /* SwiftPracticeProjectUITests */ = {
			isa = PBXNativeTarget;
			buildConfigurationList = D2038C022304F392004CF263 /* Build configuration list for PBXNativeTarget "SwiftPracticeProjectUITests" */;
			buildPhases = (
				6BDF4C58EF08DBEA8A17D76D /* [CP] Check Pods Manifest.lock */,
				D2038BEF2304F392004CF263 /* Sources */,
				D2038BF02304F392004CF263 /* Frameworks */,
				D2038BF12304F392004CF263 /* Resources */,
			);
			buildRules = (
			);
			dependencies = (
				D2038BF52304F392004CF263 /* PBXTargetDependency */,
			);
			name = SwiftPracticeProjectUITests;
			productName = SwiftPracticeProjectUITests;
			productReference = D2038BF32304F392004CF263 /* SwiftPracticeProjectUITests.xctest */;
			productType = "com.apple.product-type.bundle.ui-testing";
		};
/* End PBXNativeTarget section */

/* Begin PBXProject section */
		D2038BCA2304F391004CF263 /* Project object */ = {
			isa = PBXProject;
			attributes = {
				LastSwiftUpdateCheck = 1100;
				LastUpgradeCheck = 1100;
				ORGANIZATIONNAME = caolaidong;
				TargetAttributes = {
					D2038BD12304F391004CF263 = {
						CreatedOnToolsVersion = 11.0;
						LastSwiftMigration = 1100;
					};
					D2038BE72304F392004CF263 = {
						CreatedOnToolsVersion = 11.0;
						TestTargetID = D2038BD12304F391004CF263;
					};
					D2038BF22304F392004CF263 = {
						CreatedOnToolsVersion = 11.0;
						TestTargetID = D2038BD12304F391004CF263;
					};
				};
			};
			buildConfigurationList = D2038BCD2304F391004CF263 /* Build configuration list for PBXProject "SwiftPracticeProject" */;
			compatibilityVersion = "Xcode 9.3";
			developmentRegion = en;
			hasScannedForEncodings = 0;
			knownRegions = (
				en,
				Base,
			);
			mainGroup = D2038BC92304F391004CF263;
			productRefGroup = D2038BD32304F391004CF263 /* Products */;
			projectDirPath = "";
			projectRoot = "";
			targets = (
				D2038BD12304F391004CF263 /* SwiftPracticeProject */,
				D2038BE72304F392004CF263 /* SwiftPracticeProjectTests */,
				D2038BF22304F392004CF263 /* SwiftPracticeProjectUITests */,
			);
		};
/* End PBXProject section */

/* Begin PBXResourcesBuildPhase section */
		D2038BD02304F391004CF263 /* Resources */ = {
			isa = PBXResourcesBuildPhase;
			buildActionMask = 2147483647;
			files = (
				D2038C1B2304F71F004CF263 /* LaunchScreen.storyboard in Resources */,
				D2038BDF2304F392004CF263 /* Assets.xcassets in Resources */,
				D2038C1A2304F71F004CF263 /* Main.storyboard in Resources */,
			);
			runOnlyForDeploymentPostprocessing = 0;
		};
		D2038BE62304F392004CF263 /* Resources */ = {
			isa = PBXResourcesBuildPhase;
			buildActionMask = 2147483647;
			files = (
			);
			runOnlyForDeploymentPostprocessing = 0;
		};
		D2038BF12304F392004CF263 /* Resources */ = {
			isa = PBXResourcesBuildPhase;
			buildActionMask = 2147483647;
			files = (
			);
			runOnlyForDeploymentPostprocessing = 0;
		};
/* End PBXResourcesBuildPhase section */

/* Begin PBXShellScriptBuildPhase section */
		6BDF4C58EF08DBEA8A17D76D /* [CP] Check Pods Manifest.lock */ = {
			isa = PBXShellScriptBuildPhase;
			buildActionMask = 2147483647;
			files = (
			);
			inputFileListPaths = (
			);
			inputPaths = (
				"${PODS_PODFILE_DIR_PATH}/Podfile.lock",
				"${PODS_ROOT}/Manifest.lock",
			);
			name = "[CP] Check Pods Manifest.lock";
			outputFileListPaths = (
			);
			outputPaths = (
				"$(DERIVED_FILE_DIR)/Pods-SwiftPracticeProjectUITests-checkManifestLockResult.txt",
			);
			runOnlyForDeploymentPostprocessing = 0;
			shellPath = /bin/sh;
			shellScript = "diff \"${PODS_PODFILE_DIR_PATH}/Podfile.lock\" \"${PODS_ROOT}/Manifest.lock\" > /dev/null\nif [ $? != 0 ] ; then\n    # print error to STDERR\n    echo \"error: The sandbox is not in sync with the Podfile.lock. Run 'pod install' or update your CocoaPods installation.\" >&2\n    exit 1\nfi\n# This output is used by Xcode 'outputs' to avoid re-running this script phase.\necho \"SUCCESS\" > \"${SCRIPT_OUTPUT_FILE_0}\"\n";
			showEnvVarsInLog = 0;
		};
		AA1223616E27BD3D5D2D2D58 /* [CP] Embed Pods Frameworks */ = {
			isa = PBXShellScriptBuildPhase;
			buildActionMask = 2147483647;
			files = (
			);
			inputFileListPaths = (
				"${PODS_ROOT}/Target Support Files/Pods-SwiftPracticeProject/Pods-SwiftPracticeProject-frameworks-${CONFIGURATION}-input-files.xcfilelist",
			);
			name = "[CP] Embed Pods Frameworks";
			outputFileListPaths = (
				"${PODS_ROOT}/Target Support Files/Pods-SwiftPracticeProject/Pods-SwiftPracticeProject-frameworks-${CONFIGURATION}-output-files.xcfilelist",
			);
			runOnlyForDeploymentPostprocessing = 0;
			shellPath = /bin/sh;
			shellScript = "\"${PODS_ROOT}/Target Support Files/Pods-SwiftPracticeProject/Pods-SwiftPracticeProject-frameworks.sh\"\n";
			showEnvVarsInLog = 0;
		};
		B3CA6D353620BFD054B4F127 /* [CP] Check Pods Manifest.lock */ = {
			isa = PBXShellScriptBuildPhase;
			buildActionMask = 2147483647;
			files = (
			);
			inputFileListPaths = (
			);
			inputPaths = (
				"${PODS_PODFILE_DIR_PATH}/Podfile.lock",
				"${PODS_ROOT}/Manifest.lock",
			);
			name = "[CP] Check Pods Manifest.lock";
			outputFileListPaths = (
			);
			outputPaths = (
				"$(DERIVED_FILE_DIR)/Pods-SwiftPracticeProjectTests-checkManifestLockResult.txt",
			);
			runOnlyForDeploymentPostprocessing = 0;
			shellPath = /bin/sh;
			shellScript = "diff \"${PODS_PODFILE_DIR_PATH}/Podfile.lock\" \"${PODS_ROOT}/Manifest.lock\" > /dev/null\nif [ $? != 0 ] ; then\n    # print error to STDERR\n    echo \"error: The sandbox is not in sync with the Podfile.lock. Run 'pod install' or update your CocoaPods installation.\" >&2\n    exit 1\nfi\n# This output is used by Xcode 'outputs' to avoid re-running this script phase.\necho \"SUCCESS\" > \"${SCRIPT_OUTPUT_FILE_0}\"\n";
			showEnvVarsInLog = 0;
		};
		C33CA4F35AFDFE93E314A013 /* [CP] Check Pods Manifest.lock */ = {
			isa = PBXShellScriptBuildPhase;
			buildActionMask = 2147483647;
			files = (
			);
			inputFileListPaths = (
			);
			inputPaths = (
				"${PODS_PODFILE_DIR_PATH}/Podfile.lock",
				"${PODS_ROOT}/Manifest.lock",
			);
			name = "[CP] Check Pods Manifest.lock";
			outputFileListPaths = (
			);
			outputPaths = (
				"$(DERIVED_FILE_DIR)/Pods-SwiftPracticeProject-checkManifestLockResult.txt",
			);
			runOnlyForDeploymentPostprocessing = 0;
			shellPath = /bin/sh;
			shellScript = "diff \"${PODS_PODFILE_DIR_PATH}/Podfile.lock\" \"${PODS_ROOT}/Manifest.lock\" > /dev/null\nif [ $? != 0 ] ; then\n    # print error to STDERR\n    echo \"error: The sandbox is not in sync with the Podfile.lock. Run 'pod install' or update your CocoaPods installation.\" >&2\n    exit 1\nfi\n# This output is used by Xcode 'outputs' to avoid re-running this script phase.\necho \"SUCCESS\" > \"${SCRIPT_OUTPUT_FILE_0}\"\n";
			showEnvVarsInLog = 0;
		};
/* End PBXShellScriptBuildPhase section */

/* Begin PBXSourcesBuildPhase section */
		D2038BCE2304F391004CF263 /* Sources */ = {
			isa = PBXSourcesBuildPhase;
			buildActionMask = 2147483647;
			files = (
				D2F422F42306A1F800DFC244 /* LDRefresh.swift in Sources */,
				D2038C132304F698004CF263 /* VoiceViewController.swift in Sources */,
				D2604EF0230654D700351C93 /* RecommendViewController.swift in Sources */,
				D2038BDA2304F391004CF263 /* ViewController.swift in Sources */,
				D2038C1F2304F777004CF263 /* LDNavigationViewController.swift in Sources */,
				D2038C172304F6A6004CF263 /* MineViewController.swift in Sources */,
				D2604EF62306555300351C93 /* RankViewController.swift in Sources */,
				D2604EF2230654E200351C93 /* VIPViewController.swift in Sources */,
				D2038C152304F69E004CF263 /* VideoViewController.swift in Sources */,
				D28B861923066900005299D9 /* LDApi.swift in Sources */,
				D28732B7230A33E600397CA4 /* LDBaseTableViewCell.swift in Sources */,
				D2038C0F2304F671004CF263 /* LDBaseViewController.swift in Sources */,
				D2604EF42306554300351C93 /* SubscribeViewController.swift in Sources */,
				D2889AD3230521A1006C7B0E /* UIBarButtonItemExtension.swift in Sources */,
				D2F422EE230697DA00DFC244 /* LDOCFile.m in Sources */,
				D28732C5230A829000397CA4 /* RecommendHeader.swift in Sources */,
				D28732BB230A343300397CA4 /* LDBaseCollectionViewCell.swift in Sources */,
				D28732BF230A34AC00397CA4 /* RecommendCell.swift in Sources */,
				D2889ACF23052151006C7B0E /* UIColorExtension.swift in Sources */,
				D2553318230D34BF002CF636 /* RankCell.swift in Sources */,
				D28732C7230A888800397CA4 /* RecommendFooter.swift in Sources */,
				D2889AC823050E41006C7B0E /* LDTabBar.swift in Sources */,
				D279A15523055D4A0004192A /* LDPageViewController.swift in Sources */,
				D2038BD62304F391004CF263 /* AppDelegate.swift in Sources */,
				D2F422F023069AED00DFC244 /* LDGlobal.swift in Sources */,
				D2038BD82304F391004CF263 /* SceneDelegate.swift in Sources */,
				D2523010230B9769001F9AB6 /* KakaJson.swift in Sources */,
				D2F422EB230692AC00DFC244 /* LDModel.swift in Sources */,
				D28732C3230A821300397CA4 /* LDBaseCollectionReusableView.swift in Sources */,
				D2038C092304F62E004CF263 /* LDTabBarController.swift in Sources */,
				D2038C112304F68E004CF263 /* HomeViewController.swift in Sources */,
			);
			runOnlyForDeploymentPostprocessing = 0;
		};
		D2038BE42304F392004CF263 /* Sources */ = {
			isa = PBXSourcesBuildPhase;
			buildActionMask = 2147483647;
			files = (
				D2038BED2304F392004CF263 /* SwiftPracticeProjectTests.swift in Sources */,
			);
			runOnlyForDeploymentPostprocessing = 0;
		};
		D2038BEF2304F392004CF263 /* Sources */ = {
			isa = PBXSourcesBuildPhase;
			buildActionMask = 2147483647;
			files = (
				D2038BF82304F392004CF263 /* SwiftPracticeProjectUITests.swift in Sources */,
			);
			runOnlyForDeploymentPostprocessing = 0;
		};
/* End PBXSourcesBuildPhase section */

/* Begin PBXTargetDependency section */
		D2038BEA2304F392004CF263 /* PBXTargetDependency */ = {
			isa = PBXTargetDependency;
			target = D2038BD12304F391004CF263 /* SwiftPracticeProject */;
			targetProxy = D2038BE92304F392004CF263 /* PBXContainerItemProxy */;
		};
		D2038BF52304F392004CF263 /* PBXTargetDependency */ = {
			isa = PBXTargetDependency;
			target = D2038BD12304F391004CF263 /* SwiftPracticeProject */;
			targetProxy = D2038BF42304F392004CF263 /* PBXContainerItemProxy */;
		};
/* End PBXTargetDependency section */

/* Begin XCBuildConfiguration section */
		D2038BFA2304F392004CF263 /* Debug */ = {
			isa = XCBuildConfiguration;
			buildSettings = {
				ALWAYS_SEARCH_USER_PATHS = NO;
				CLANG_ANALYZER_NONNULL = YES;
				CLANG_ANALYZER_NUMBER_OBJECT_CONVERSION = YES_AGGRESSIVE;
				CLANG_CXX_LANGUAGE_STANDARD = "gnu++14";
				CLANG_CXX_LIBRARY = "libc++";
				CLANG_ENABLE_MODULES = YES;
				CLANG_ENABLE_OBJC_ARC = YES;
				CLANG_ENABLE_OBJC_WEAK = YES;
				CLANG_WARN_BLOCK_CAPTURE_AUTORELEASING = YES;
				CLANG_WARN_BOOL_CONVERSION = YES;
				CLANG_WARN_COMMA = YES;
				CLANG_WARN_CONSTANT_CONVERSION = YES;
				CLANG_WARN_DEPRECATED_OBJC_IMPLEMENTATIONS = YES;
				CLANG_WARN_DIRECT_OBJC_ISA_USAGE = YES_ERROR;
				CLANG_WARN_DOCUMENTATION_COMMENTS = YES;
				CLANG_WARN_EMPTY_BODY = YES;
				CLANG_WARN_ENUM_CONVERSION = YES;
				CLANG_WARN_INFINITE_RECURSION = YES;
				CLANG_WARN_INT_CONVERSION = YES;
				CLANG_WARN_NON_LITERAL_NULL_CONVERSION = YES;
				CLANG_WARN_OBJC_IMPLICIT_RETAIN_SELF = YES;
				CLANG_WARN_OBJC_LITERAL_CONVERSION = YES;
				CLANG_WARN_OBJC_ROOT_CLASS = YES_ERROR;
				CLANG_WARN_RANGE_LOOP_ANALYSIS = YES;
				CLANG_WARN_STRICT_PROTOTYPES = YES;
				CLANG_WARN_SUSPICIOUS_MOVE = YES;
				CLANG_WARN_UNGUARDED_AVAILABILITY = YES_AGGRESSIVE;
				CLANG_WARN_UNREACHABLE_CODE = YES;
				CLANG_WARN__DUPLICATE_METHOD_MATCH = YES;
				COPY_PHASE_STRIP = NO;
				DEBUG_INFORMATION_FORMAT = dwarf;
				ENABLE_STRICT_OBJC_MSGSEND = YES;
				ENABLE_TESTABILITY = YES;
				GCC_C_LANGUAGE_STANDARD = gnu11;
				GCC_DYNAMIC_NO_PIC = NO;
				GCC_NO_COMMON_BLOCKS = YES;
				GCC_OPTIMIZATION_LEVEL = 0;
				GCC_PREPROCESSOR_DEFINITIONS = (
					"DEBUG=1",
					"$(inherited)",
				);
				GCC_WARN_64_TO_32_BIT_CONVERSION = YES;
				GCC_WARN_ABOUT_RETURN_TYPE = YES_ERROR;
				GCC_WARN_UNDECLARED_SELECTOR = YES;
				GCC_WARN_UNINITIALIZED_AUTOS = YES_AGGRESSIVE;
				GCC_WARN_UNUSED_FUNCTION = YES;
				GCC_WARN_UNUSED_VARIABLE = YES;
				IPHONEOS_DEPLOYMENT_TARGET = 13.0;
				MTL_ENABLE_DEBUG_INFO = INCLUDE_SOURCE;
				MTL_FAST_MATH = YES;
				ONLY_ACTIVE_ARCH = YES;
				SDKROOT = iphoneos;
				SWIFT_ACTIVE_COMPILATION_CONDITIONS = DEBUG;
				SWIFT_OPTIMIZATION_LEVEL = "-Onone";
			};
			name = Debug;
		};
		D2038BFB2304F392004CF263 /* Release */ = {
			isa = XCBuildConfiguration;
			buildSettings = {
				ALWAYS_SEARCH_USER_PATHS = NO;
				CLANG_ANALYZER_NONNULL = YES;
				CLANG_ANALYZER_NUMBER_OBJECT_CONVERSION = YES_AGGRESSIVE;
				CLANG_CXX_LANGUAGE_STANDARD = "gnu++14";
				CLANG_CXX_LIBRARY = "libc++";
				CLANG_ENABLE_MODULES = YES;
				CLANG_ENABLE_OBJC_ARC = YES;
				CLANG_ENABLE_OBJC_WEAK = YES;
				CLANG_WARN_BLOCK_CAPTURE_AUTORELEASING = YES;
				CLANG_WARN_BOOL_CONVERSION = YES;
				CLANG_WARN_COMMA = YES;
				CLANG_WARN_CONSTANT_CONVERSION = YES;
				CLANG_WARN_DEPRECATED_OBJC_IMPLEMENTATIONS = YES;
				CLANG_WARN_DIRECT_OBJC_ISA_USAGE = YES_ERROR;
				CLANG_WARN_DOCUMENTATION_COMMENTS = YES;
				CLANG_WARN_EMPTY_BODY = YES;
				CLANG_WARN_ENUM_CONVERSION = YES;
				CLANG_WARN_INFINITE_RECURSION = YES;
				CLANG_WARN_INT_CONVERSION = YES;
				CLANG_WARN_NON_LITERAL_NULL_CONVERSION = YES;
				CLANG_WARN_OBJC_IMPLICIT_RETAIN_SELF = YES;
				CLANG_WARN_OBJC_LITERAL_CONVERSION = YES;
				CLANG_WARN_OBJC_ROOT_CLASS = YES_ERROR;
				CLANG_WARN_RANGE_LOOP_ANALYSIS = YES;
				CLANG_WARN_STRICT_PROTOTYPES = YES;
				CLANG_WARN_SUSPICIOUS_MOVE = YES;
				CLANG_WARN_UNGUARDED_AVAILABILITY = YES_AGGRESSIVE;
				CLANG_WARN_UNREACHABLE_CODE = YES;
				CLANG_WARN__DUPLICATE_METHOD_MATCH = YES;
				COPY_PHASE_STRIP = NO;
				DEBUG_INFORMATION_FORMAT = "dwarf-with-dsym";
				ENABLE_NS_ASSERTIONS = NO;
				ENABLE_STRICT_OBJC_MSGSEND = YES;
				GCC_C_LANGUAGE_STANDARD = gnu11;
				GCC_NO_COMMON_BLOCKS = YES;
				GCC_WARN_64_TO_32_BIT_CONVERSION = YES;
				GCC_WARN_ABOUT_RETURN_TYPE = YES_ERROR;
				GCC_WARN_UNDECLARED_SELECTOR = YES;
				GCC_WARN_UNINITIALIZED_AUTOS = YES_AGGRESSIVE;
				GCC_WARN_UNUSED_FUNCTION = YES;
				GCC_WARN_UNUSED_VARIABLE = YES;
				IPHONEOS_DEPLOYMENT_TARGET = 13.0;
				MTL_ENABLE_DEBUG_INFO = NO;
				MTL_FAST_MATH = YES;
				SDKROOT = iphoneos;
				SWIFT_COMPILATION_MODE = wholemodule;
				SWIFT_OPTIMIZATION_LEVEL = "-O";
				VALIDATE_PRODUCT = YES;
			};
			name = Release;
		};
		D2038BFD2304F392004CF263 /* Debug */ = {
			isa = XCBuildConfiguration;
			baseConfigurationReference = C5EB50DB58659A68F0C67700 /* Pods-SwiftPracticeProject.debug.xcconfig */;
			buildSettings = {
				ASSETCATALOG_COMPILER_APPICON_NAME = AppIcon;
				CLANG_ENABLE_MODULES = YES;
				CODE_SIGN_STYLE = Automatic;
				DEVELOPMENT_TEAM = RS8S42PTY6;
				INFOPLIST_FILE = SwiftPracticeProject/Info.plist;
				LD_RUNPATH_SEARCH_PATHS = (
					"$(inherited)",
					"@executable_path/Frameworks",
				);
				PRODUCT_BUNDLE_IDENTIFIER = com.cld.Swift.SwiftPracticeProject;
				PRODUCT_NAME = "$(TARGET_NAME)";
				SWIFT_OBJC_BRIDGING_HEADER = "SwiftPracticeProject/SourceFile/SwiftPracticeProject-Bridging-Header.h";
				SWIFT_OPTIMIZATION_LEVEL = "-Onone";
				SWIFT_VERSION = 5.0;
				TARGETED_DEVICE_FAMILY = 1;
			};
			name = Debug;
		};
		D2038BFE2304F392004CF263 /* Release */ = {
			isa = XCBuildConfiguration;
			baseConfigurationReference = 17978E406265721F15E7F092 /* Pods-SwiftPracticeProject.release.xcconfig */;
			buildSettings = {
				ASSETCATALOG_COMPILER_APPICON_NAME = AppIcon;
				CLANG_ENABLE_MODULES = YES;
				CODE_SIGN_STYLE = Automatic;
				DEVELOPMENT_TEAM = RS8S42PTY6;
				INFOPLIST_FILE = SwiftPracticeProject/Info.plist;
				LD_RUNPATH_SEARCH_PATHS = (
					"$(inherited)",
					"@executable_path/Frameworks",
				);
				PRODUCT_BUNDLE_IDENTIFIER = com.cld.Swift.SwiftPracticeProject;
				PRODUCT_NAME = "$(TARGET_NAME)";
				SWIFT_OBJC_BRIDGING_HEADER = "SwiftPracticeProject/SourceFile/SwiftPracticeProject-Bridging-Header.h";
				SWIFT_VERSION = 5.0;
				TARGETED_DEVICE_FAMILY = 1;
			};
			name = Release;
		};
		D2038C002304F392004CF263 /* Debug */ = {
			isa = XCBuildConfiguration;
			baseConfigurationReference = 76639A57FDD9AD9DAE16F8AC /* Pods-SwiftPracticeProjectTests.debug.xcconfig */;
			buildSettings = {
				ALWAYS_EMBED_SWIFT_STANDARD_LIBRARIES = YES;
				BUNDLE_LOADER = "$(TEST_HOST)";
				CODE_SIGN_STYLE = Automatic;
				DEVELOPMENT_TEAM = RS8S42PTY6;
				INFOPLIST_FILE = SwiftPracticeProjectTests/Info.plist;
				LD_RUNPATH_SEARCH_PATHS = (
					"$(inherited)",
					"@executable_path/Frameworks",
					"@loader_path/Frameworks",
				);
				PRODUCT_BUNDLE_IDENTIFIER = com.cld.Swift.SwiftPracticeProjectTests;
				PRODUCT_NAME = "$(TARGET_NAME)";
				SWIFT_VERSION = 5.0;
				TARGETED_DEVICE_FAMILY = "1,2";
				TEST_HOST = "$(BUILT_PRODUCTS_DIR)/SwiftPracticeProject.app/SwiftPracticeProject";
			};
			name = Debug;
		};
		D2038C012304F392004CF263 /* Release */ = {
			isa = XCBuildConfiguration;
			baseConfigurationReference = 88731FCD5EBCBDE61C225D80 /* Pods-SwiftPracticeProjectTests.release.xcconfig */;
			buildSettings = {
				ALWAYS_EMBED_SWIFT_STANDARD_LIBRARIES = YES;
				BUNDLE_LOADER = "$(TEST_HOST)";
				CODE_SIGN_STYLE = Automatic;
				DEVELOPMENT_TEAM = RS8S42PTY6;
				INFOPLIST_FILE = SwiftPracticeProjectTests/Info.plist;
				LD_RUNPATH_SEARCH_PATHS = (
					"$(inherited)",
					"@executable_path/Frameworks",
					"@loader_path/Frameworks",
				);
				PRODUCT_BUNDLE_IDENTIFIER = com.cld.Swift.SwiftPracticeProjectTests;
				PRODUCT_NAME = "$(TARGET_NAME)";
				SWIFT_VERSION = 5.0;
				TARGETED_DEVICE_FAMILY = "1,2";
				TEST_HOST = "$(BUILT_PRODUCTS_DIR)/SwiftPracticeProject.app/SwiftPracticeProject";
			};
			name = Release;
		};
		D2038C032304F392004CF263 /* Debug */ = {
			isa = XCBuildConfiguration;
			baseConfigurationReference = 7FAAB74CAB874B0D06CAFDCB /* Pods-SwiftPracticeProjectUITests.debug.xcconfig */;
			buildSettings = {
				ALWAYS_EMBED_SWIFT_STANDARD_LIBRARIES = YES;
				CODE_SIGN_STYLE = Automatic;
				DEVELOPMENT_TEAM = RS8S42PTY6;
				INFOPLIST_FILE = SwiftPracticeProjectUITests/Info.plist;
				LD_RUNPATH_SEARCH_PATHS = (
					"$(inherited)",
					"@executable_path/Frameworks",
					"@loader_path/Frameworks",
				);
				PRODUCT_BUNDLE_IDENTIFIER = com.cld.Swift.SwiftPracticeProjectUITests;
				PRODUCT_NAME = "$(TARGET_NAME)";
				SWIFT_VERSION = 5.0;
				TARGETED_DEVICE_FAMILY = "1,2";
				TEST_TARGET_NAME = SwiftPracticeProject;
			};
			name = Debug;
		};
		D2038C042304F392004CF263 /* Release */ = {
			isa = XCBuildConfiguration;
			baseConfigurationReference = 319BE6B9234AC238E513BB20 /* Pods-SwiftPracticeProjectUITests.release.xcconfig */;
			buildSettings = {
				ALWAYS_EMBED_SWIFT_STANDARD_LIBRARIES = YES;
				CODE_SIGN_STYLE = Automatic;
				DEVELOPMENT_TEAM = RS8S42PTY6;
				INFOPLIST_FILE = SwiftPracticeProjectUITests/Info.plist;
				LD_RUNPATH_SEARCH_PATHS = (
					"$(inherited)",
					"@executable_path/Frameworks",
					"@loader_path/Frameworks",
				);
				PRODUCT_BUNDLE_IDENTIFIER = com.cld.Swift.SwiftPracticeProjectUITests;
				PRODUCT_NAME = "$(TARGET_NAME)";
				SWIFT_VERSION = 5.0;
				TARGETED_DEVICE_FAMILY = "1,2";
				TEST_TARGET_NAME = SwiftPracticeProject;
			};
			name = Release;
		};
/* End XCBuildConfiguration section */

/* Begin XCConfigurationList section */
		D2038BCD2304F391004CF263 /* Build configuration list for PBXProject "SwiftPracticeProject" */ = {
			isa = XCConfigurationList;
			buildConfigurations = (
				D2038BFA2304F392004CF263 /* Debug */,
				D2038BFB2304F392004CF263 /* Release */,
			);
			defaultConfigurationIsVisible = 0;
			defaultConfigurationName = Release;
		};
		D2038BFC2304F392004CF263 /* Build configuration list for PBXNativeTarget "SwiftPracticeProject" */ = {
			isa = XCConfigurationList;
			buildConfigurations = (
				D2038BFD2304F392004CF263 /* Debug */,
				D2038BFE2304F392004CF263 /* Release */,
			);
			defaultConfigurationIsVisible = 0;
			defaultConfigurationName = Release;
		};
		D2038BFF2304F392004CF263 /* Build configuration list for PBXNativeTarget "SwiftPracticeProjectTests" */ = {
			isa = XCConfigurationList;
			buildConfigurations = (
				D2038C002304F392004CF263 /* Debug */,
				D2038C012304F392004CF263 /* Release */,
			);
			defaultConfigurationIsVisible = 0;
			defaultConfigurationName = Release;
		};
		D2038C022304F392004CF263 /* Build configuration list for PBXNativeTarget "SwiftPracticeProjectUITests" */ = {
			isa = XCConfigurationList;
			buildConfigurations = (
				D2038C032304F392004CF263 /* Debug */,
				D2038C042304F392004CF263 /* Release */,
			);
			defaultConfigurationIsVisible = 0;
			defaultConfigurationName = Release;
		};
/* End XCConfigurationList section */
	};
	rootObject = D2038BCA2304F391004CF263 /* Project object */;
}
